// !$*UTF8*$!
{
	archiveVersion = 1;
	classes = {
	};
	objectVersion = 46;
	objects = {

/* Begin PBXBuildFile section */
		CF0F52371F92D9A800BB6127 /* AppDelegate.swift in Sources */ = {isa = PBXBuildFile; fileRef = CF0F52361F92D9A800BB6127 /* AppDelegate.swift */; };
		CF0F52391F92D9A800BB6127 /* ViewController.swift in Sources */ = {isa = PBXBuildFile; fileRef = CF0F52381F92D9A800BB6127 /* ViewController.swift */; };
		CF0F523C1F92D9A800BB6127 /* Main.storyboard in Resources */ = {isa = PBXBuildFile; fileRef = CF0F523A1F92D9A800BB6127 /* Main.storyboard */; };
		CF0F523E1F92D9A800BB6127 /* Assets.xcassets in Resources */ = {isa = PBXBuildFile; fileRef = CF0F523D1F92D9A800BB6127 /* Assets.xcassets */; };
		CF0F52411F92D9A800BB6127 /* LaunchScreen.storyboard in Resources */ = {isa = PBXBuildFile; fileRef = CF0F523F1F92D9A800BB6127 /* LaunchScreen.storyboard */; };
		CF0F524C1F92D9A800BB6127 /* LogIN_TaskCategoriesTests.swift in Sources */ = {isa = PBXBuildFile; fileRef = CF0F524B1F92D9A800BB6127 /* LogIN_TaskCategoriesTests.swift */; };
		CF0F52571F92F2BB00BB6127 /* TaskTableViewCell.swift in Sources */ = {isa = PBXBuildFile; fileRef = CF0F52561F92F2BB00BB6127 /* TaskTableViewCell.swift */; };
/* End PBXBuildFile section */

/* Begin PBXContainerItemProxy section */
		CF0F52481F92D9A800BB6127 /* PBXContainerItemProxy */ = {
			isa = PBXContainerItemProxy;
			containerPortal = CF0F522B1F92D9A800BB6127 /* Project object */;
			proxyType = 1;
			remoteGlobalIDString = CF0F52321F92D9A800BB6127;
			remoteInfo = "LogIN&TaskCategories";
		};
/* End PBXContainerItemProxy section */

/* Begin PBXFileReference section */
		CF0F52331F92D9A800BB6127 /* LogIN&TaskCategories.app */ = {isa = PBXFileReference; explicitFileType = wrapper.application; includeInIndex = 0; path = "LogIN&TaskCategories.app"; sourceTree = BUILT_PRODUCTS_DIR; };
		CF0F52361F92D9A800BB6127 /* AppDelegate.swift */ = {isa = PBXFileReference; lastKnownFileType = sourcecode.swift; path = AppDelegate.swift; sourceTree = "<group>"; };
		CF0F52381F92D9A800BB6127 /* ViewController.swift */ = {isa = PBXFileReference; lastKnownFileType = sourcecode.swift; path = ViewController.swift; sourceTree = "<group>"; };
		CF0F523B1F92D9A800BB6127 /* Base */ = {isa = PBXFileReference; lastKnownFileType = file.storyboard; name = Base; path = Base.lproj/Main.storyboard; sourceTree = "<group>"; };
		CF0F523D1F92D9A800BB6127 /* Assets.xcassets */ = {isa = PBXFileReference; lastKnownFileType = folder.assetcatalog; path = Assets.xcassets; sourceTree = "<group>"; };
		CF0F52401F92D9A800BB6127 /* Base */ = {isa = PBXFileReference; lastKnownFileType = file.storyboard; name = Base; path = Base.lproj/LaunchScreen.storyboard; sourceTree = "<group>"; };
		CF0F52421F92D9A800BB6127 /* Info.plist */ = {isa = PBXFileReference; lastKnownFileType = text.plist.xml; path = Info.plist; sourceTree = "<group>"; };
		CF0F52471F92D9A800BB6127 /* LogIN&TaskCategoriesTests.xctest */ = {isa = PBXFileReference; explicitFileType = wrapper.cfbundle; includeInIndex = 0; path = "LogIN&TaskCategoriesTests.xctest"; sourceTree = BUILT_PRODUCTS_DIR; };
		CF0F524B1F92D9A800BB6127 /* LogIN_TaskCategoriesTests.swift */ = {isa = PBXFileReference; lastKnownFileType = sourcecode.swift; path = LogIN_TaskCategoriesTests.swift; sourceTree = "<group>"; };
		CF0F524D1F92D9A800BB6127 /* Info.plist */ = {isa = PBXFileReference; lastKnownFileType = text.plist.xml; path = Info.plist; sourceTree = "<group>"; };
		CF0F52561F92F2BB00BB6127 /* TaskTableViewCell.swift */ = {isa = PBXFileReference; fileEncoding = 4; lastKnownFileType = sourcecode.swift; name = TaskTableViewCell.swift; path = ../TaskTableViewCell.swift; sourceTree = "<group>"; };
/* End PBXFileReference section */

/* Begin PBXFrameworksBuildPhase section */
		CF0F52301F92D9A800BB6127 /* Frameworks */ = {
			isa = PBXFrameworksBuildPhase;
			buildActionMask = 2147483647;
			files = (
			);
			runOnlyForDeploymentPostprocessing = 0;
		};
		CF0F52441F92D9A800BB6127 /* Frameworks */ = {
			isa = PBXFrameworksBuildPhase;
			buildActionMask = 2147483647;
			files = (
			);
			runOnlyForDeploymentPostprocessing = 0;
		};
/* End PBXFrameworksBuildPhase section */

/* Begin PBXGroup section */
		CF0F522A1F92D9A800BB6127 = {
			isa = PBXGroup;
			children = (
				CF0F52351F92D9A800BB6127 /* LogIN&TaskCategories */,
				CF0F524A1F92D9A800BB6127 /* LogIN&TaskCategoriesTests */,
				CF0F52341F92D9A800BB6127 /* Products */,
			);
			sourceTree = "<group>";
		};
		CF0F52341F92D9A800BB6127 /* Products */ = {
			isa = PBXGroup;
			children = (
				CF0F52331F92D9A800BB6127 /* LogIN&TaskCategories.app */,
				CF0F52471F92D9A800BB6127 /* LogIN&TaskCategoriesTests.xctest */,
			);
			name = Products;
			sourceTree = "<group>";
		};
		CF0F52351F92D9A800BB6127 /* LogIN&TaskCategories */ = {
			isa = PBXGroup;
			children = (
				CF0F52361F92D9A800BB6127 /* AppDelegate.swift */,
				CF0F52381F92D9A800BB6127 /* ViewController.swift */,
				CF0F52561F92F2BB00BB6127 /* TaskTableViewCell.swift */,
				CF0F523A1F92D9A800BB6127 /* Main.storyboard */,
				CF0F523D1F92D9A800BB6127 /* Assets.xcassets */,
				CF0F523F1F92D9A800BB6127 /* LaunchScreen.storyboard */,
				CF0F52421F92D9A800BB6127 /* Info.plist */,
			);
			path = "LogIN&TaskCategories";
			sourceTree = "<group>";
		};
		CF0F524A1F92D9A800BB6127 /* LogIN&TaskCategoriesTests */ = {
			isa = PBXGroup;
			children = (
				CF0F524B1F92D9A800BB6127 /* LogIN_TaskCategoriesTests.swift */,
				CF0F524D1F92D9A800BB6127 /* Info.plist */,
			);
			path = "LogIN&TaskCategoriesTests";
			sourceTree = "<group>";
		};
/* End PBXGroup section */

/* Begin PBXNativeTarget section */
		CF0F52321F92D9A800BB6127 /* LogIN&TaskCategories */ = {
			isa = PBXNativeTarget;
			buildConfigurationList = CF0F52501F92D9A800BB6127 /* Build configuration list for PBXNativeTarget "LogIN&TaskCategories" */;
			buildPhases = (
				CF0F522F1F92D9A800BB6127 /* Sources */,
				CF0F52301F92D9A800BB6127 /* Frameworks */,
				CF0F52311F92D9A800BB6127 /* Resources */,
			);
			buildRules = (
			);
			dependencies = (
			);
			name = "LogIN&TaskCategories";
			productName = "LogIN&TaskCategories";
			productReference = CF0F52331F92D9A800BB6127 /* LogIN&TaskCategories.app */;
			productType = "com.apple.product-type.application";
		};
		CF0F52461F92D9A800BB6127 /* LogIN&TaskCategoriesTests */ = {
			isa = PBXNativeTarget;
			buildConfigurationList = CF0F52531F92D9A800BB6127 /* Build configuration list for PBXNativeTarget "LogIN&TaskCategoriesTests" */;
			buildPhases = (
				CF0F52431F92D9A800BB6127 /* Sources */,
				CF0F52441F92D9A800BB6127 /* Frameworks */,
				CF0F52451F92D9A800BB6127 /* Resources */,
			);
			buildRules = (
			);
			dependencies = (
				CF0F52491F92D9A800BB6127 /* PBXTargetDependency */,
			);
			name = "LogIN&TaskCategoriesTests";
			productName = "LogIN&TaskCategoriesTests";
			productReference = CF0F52471F92D9A800BB6127 /* LogIN&TaskCategoriesTests.xctest */;
			productType = "com.apple.product-type.bundle.unit-test";
		};
/* End PBXNativeTarget section */

/* Begin PBXProject section */
		CF0F522B1F92D9A800BB6127 /* Project object */ = {
			isa = PBXProject;
			attributes = {
				LastSwiftUpdateCheck = 0820;
				LastUpgradeCheck = 0820;
				ORGANIZATIONNAME = "Ilya Ocumare";
				TargetAttributes = {
					CF0F52321F92D9A800BB6127 = {
						CreatedOnToolsVersion = 8.2.1;
						DevelopmentTeam = K8BB4F885A;
						ProvisioningStyle = Automatic;
					};
					CF0F52461F92D9A800BB6127 = {
						CreatedOnToolsVersion = 8.2.1;
						DevelopmentTeam = K8BB4F885A;
						ProvisioningStyle = Automatic;
						TestTargetID = CF0F52321F92D9A800BB6127;
					};
				};
			};
			buildConfigurationList = CF0F522E1F92D9A800BB6127 /* Build configuration list for PBXProject "LogIN&TaskCategories" */;
			compatibilityVersion = "Xcode 3.2";
			developmentRegion = English;
			hasScannedForEncodings = 0;
			knownRegions = (
				en,
				Base,
			);
			mainGroup = CF0F522A1F92D9A800BB6127;
			productRefGroup = CF0F52341F92D9A800BB6127 /* Products */;
			projectDirPath = "";
			projectRoot = "";
			targets = (
				CF0F52321F92D9A800BB6127 /* LogIN&TaskCategories */,
				CF0F52461F92D9A800BB6127 /* LogIN&TaskCategoriesTests */,
			);
		};
/* End PBXProject section */

/* Begin PBXResourcesBuildPhase section */
		CF0F52311F92D9A800BB6127 /* Resources */ = {
			isa = PBXResourcesBuildPhase;
			buildActionMask = 2147483647;
			files = (
				CF0F52411F92D9A800BB6127 /* LaunchScreen.storyboard in Resources */,
				CF0F523E1F92D9A800BB6127 /* Assets.xcassets in Resources */,
				CF0F523C1F92D9A800BB6127 /* Main.storyboard in Resources */,
			);
			runOnlyForDeploymentPostprocessing = 0;
		};
		CF0F52451F92D9A800BB6127 /* Resources */ = {
			isa = PBXResourcesBuildPhase;
			buildActionMask = 2147483647;
			files = (
			);
			runOnlyForDeploymentPostprocessing = 0;
		};
/* End PBXResourcesBuildPhase section */

/* Begin PBXSourcesBuildPhase section */
		CF0F522F1F92D9A800BB6127 /* Sources */ = {
			isa = PBXSourcesBuildPhase;
			buildActionMask = 2147483647;
			files = (
				CF0F52391F92D9A800BB6127 /* ViewController.swift in Sources */,
				CF0F52371F92D9A800BB6127 /* AppDelegate.swift in Sources */,
				CF0F52571F92F2BB00BB6127 /* TaskTableViewCell.swift in Sources */,
			);
			runOnlyForDeploymentPostprocessing = 0;
		};
		CF0F52431F92D9A800BB6127 /* Sources */ = {
			isa = PBXSourcesBuildPhase;
			buildActionMask = 2147483647;
			files = (
				CF0F524C1F92D9A800BB6127 /* LogIN_TaskCategoriesTests.swift in Sources */,
			);
			runOnlyForDeploymentPostprocessing = 0;
		};
/* End PBXSourcesBuildPhase section */

/* Begin PBXTargetDependency section */
		CF0F52491F92D9A800BB6127 /* PBXTargetDependency */ = {
			isa = PBXTargetDependency;
			target = CF0F52321F92D9A800BB6127 /* LogIN&TaskCategories */;
			targetProxy = CF0F52481F92D9A800BB6127 /* PBXContainerItemProxy */;
		};
/* End PBXTargetDependency section */

/* Begin PBXVariantGroup section */
		CF0F523A1F92D9A800BB6127 /* Main.storyboard */ = {
			isa = PBXVariantGroup;
			children = (
				CF0F523B1F92D9A800BB6127 /* Base */,
			);
			name = Main.storyboard;
			sourceTree = "<group>";
		};
		CF0F523F1F92D9A800BB6127 /* LaunchScreen.storyboard */ = {
			isa = PBXVariantGroup;
			children = (
				CF0F52401F92D9A800BB6127 /* Base */,
			);
			name = LaunchScreen.storyboard;
			sourceTree = "<group>";
		};
/* End PBXVariantGroup section */

/* Begin XCBuildConfiguration section */
		CF0F524E1F92D9A800BB6127 /* Debug */ = {
			isa = XCBuildConfiguration;
			buildSettings = {
				ALWAYS_SEARCH_USER_PATHS = NO;
				CLANG_ANALYZER_NONNULL = YES;
				CLANG_CXX_LANGUAGE_STANDARD = "gnu++0x";
				CLANG_CXX_LIBRARY = "libc++";
				CLANG_ENABLE_MODULES = YES;
				CLANG_ENABLE_OBJC_ARC = YES;
				CLANG_WARN_BOOL_CONVERSION = YES;
				CLANG_WARN_CONSTANT_CONVERSION = YES;
				CLANG_WARN_DIRECT_OBJC_ISA_USAGE = YES_ERROR;
				CLANG_WARN_DOCUMENTATION_COMMENTS = YES;
				CLANG_WARN_EMPTY_BODY = YES;
				CLANG_WARN_ENUM_CONVERSION = YES;
				CLANG_WARN_INFINITE_RECURSION = YES;
				CLANG_WARN_INT_CONVERSION = YES;
				CLANG_WARN_OBJC_ROOT_CLASS = YES_ERROR;
				CLANG_WARN_SUSPICIOUS_MOVE = YES;
				CLANG_WARN_UNREACHABLE_CODE = YES;
				CLANG_WARN__DUPLICATE_METHOD_MATCH = YES;
				"CODE_SIGN_IDENTITY[sdk=iphoneos*]" = "iPhone Developer";
				COPY_PHASE_STRIP = NO;
				DEBUG_INFORMATION_FORMAT = dwarf;
				ENABLE_STRICT_OBJC_MSGSEND = YES;
				ENABLE_TESTABILITY = YES;
				GCC_C_LANGUAGE_STANDARD = gnu99;
				GCC_DYNAMIC_NO_PIC = NO;
				GCC_NO_COMMON_BLOCKS = YES;
				GCC_OPTIMIZATION_LEVEL = 0;
				GCC_PREPROCESSOR_DEFINITIONS = (
					"DEBUG=1",
					"$(inherited)",
				);
				GCC_WARN_64_TO_32_BIT_CONVERSION = YES;
				GCC_WARN_ABOUT_RETURN_TYPE = YES_ERROR;
				GCC_WARN_UNDECLARED_SELECTOR = YES;
				GCC_WARN_UNINITIALIZED_AUTOS = YES_AGGRESSIVE;
				GCC_WARN_UNUSED_FUNCTION = YES;
				GCC_WARN_UNUSED_VARIABLE = YES;
				IPHONEOS_DEPLOYMENT_TARGET = 10.2;
				MTL_ENABLE_DEBUG_INFO = YES;
				ONLY_ACTIVE_ARCH = YES;
				SDKROOT = iphoneos;
				SWIFT_ACTIVE_COMPILATION_CONDITIONS = DEBUG;
				SWIFT_OPTIMIZATION_LEVEL = "-Onone";
				TARGETED_DEVICE_FAMILY = "1,2";
			};
			name = Debug;
		};
		CF0F524F1F92D9A800BB6127 /* Release */ = {
			isa = XCBuildConfiguration;
			buildSettings = {
				ALWAYS_SEARCH_USER_PATHS = NO;
				CLANG_ANALYZER_NONNULL = YES;
				CLANG_CXX_LANGUAGE_STANDARD = "gnu++0x";
				CLANG_CXX_LIBRARY = "libc++";
				CLANG_ENABLE_MODULES = YES;
				CLANG_ENABLE_OBJC_ARC = YES;
				CLANG_WARN_BOOL_CONVERSION = YES;
				CLANG_WARN_CONSTANT_CONVERSION = YES;
				CLANG_WARN_DIRECT_OBJC_ISA_USAGE = YES_ERROR;
				CLANG_WARN_DOCUMENTATION_COMMENTS = YES;
				CLANG_WARN_EMPTY_BODY = YES;
				CLANG_WARN_ENUM_CONVERSION = YES;
				CLANG_WARN_INFINITE_RECURSION = YES;
				CLANG_WARN_INT_CONVERSION = YES;
				CLANG_WARN_OBJC_ROOT_CLASS = YES_ERROR;
				CLANG_WARN_SUSPICIOUS_MOVE = YES;
				CLANG_WARN_UNREACHABLE_CODE = YES;
				CLANG_WARN__DUPLICATE_METHOD_MATCH = YES;
				"CODE_SIGN_IDENTITY[sdk=iphoneos*]" = "iPhone Developer";
				COPY_PHASE_STRIP = NO;
				DEBUG_INFORMATION_FORMAT = "dwarf-with-dsym";
				ENABLE_NS_ASSERTIONS = NO;
				ENABLE_STRICT_OBJC_MSGSEND = YES;
				GCC_C_LANGUAGE_STANDARD = gnu99;
				GCC_NO_COMMON_BLOCKS = YES;
				GCC_WARN_64_TO_32_BIT_CONVERSION = YES;
				GCC_WARN_ABOUT_RETURN_TYPE = YES_ERROR;
				GCC_WARN_UNDECLARED_SELECTOR = YES;
				GCC_WARN_UNINITIALIZED_AUTOS = YES_AGGRESSIVE;
				GCC_WARN_UNUSED_FUNCTION = YES;
				GCC_WARN_UNUSED_VARIABLE = YES;
				IPHONEOS_DEPLOYMENT_TARGET = 10.2;
				MTL_ENABLE_DEBUG_INFO = NO;
				SDKROOT = iphoneos;
				SWIFT_OPTIMIZATION_LEVEL = "-Owholemodule";
				TARGETED_DEVICE_FAMILY = "1,2";
				VALIDATE_PRODUCT = YES;
			};
			name = Release;
		};
		CF0F52511F92D9A800BB6127 /* Debug */ = {
			isa = XCBuildConfiguration;
			buildSettings = {
				ASSETCATALOG_COMPILER_APPICON_NAME = AppIcon;
				DEVELOPMENT_TEAM = K8BB4F885A;
				INFOPLIST_FILE = "LogIN&TaskCategories/Info.plist";
				LD_RUNPATH_SEARCH_PATHS = "$(inherited) @executable_path/Frameworks";
				PRODUCT_BUNDLE_IDENTIFIER = "ilya-ocymare.LogIN-TaskCategories";
				PRODUCT_NAME = "$(TARGET_NAME)";
				SWIFT_VERSION = 3.0;
			};
			name = Debug;
		};
		CF0F52521F92D9A800BB6127 /* Release */ = {
			isa = XCBuildConfiguration;
			buildSettings = {
				ASSETCATALOG_COMPILER_APPICON_NAME = AppIcon;
				DEVELOPMENT_TEAM = K8BB4F885A;
				INFOPLIST_FILE = "LogIN&TaskCategories/Info.plist";
				LD_RUNPATH_SEARCH_PATHS = "$(inherited) @executable_path/Frameworks";
				PRODUCT_BUNDLE_IDENTIFIER = "ilya-ocymare.LogIN-TaskCategories";
				PRODUCT_NAME = "$(TARGET_NAME)";
				SWIFT_VERSION = 3.0;
			};
			name = Release;
		};
		CF0F52541F92D9A800BB6127 /* Debug */ = {
			isa = XCBuildConfiguration;
			buildSettings = {
				ALWAYS_EMBED_SWIFT_STANDARD_LIBRARIES = YES;
				BUNDLE_LOADER = "$(TEST_HOST)";
				DEVELOPMENT_TEAM = K8BB4F885A;
				INFOPLIST_FILE = "LogIN&TaskCategoriesTests/Info.plist";
				LD_RUNPATH_SEARCH_PATHS = "$(inherited) @executable_path/Frameworks @loader_path/Frameworks";
				PRODUCT_BUNDLE_IDENTIFIER = "ilya-ocymare.LogIN-TaskCategoriesTests";
				PRODUCT_NAME = "$(TARGET_NAME)";
				SWIFT_VERSION = 3.0;
				TEST_HOST = "$(BUILT_PRODUCTS_DIR)/LogIN&TaskCategories.app/LogIN&TaskCategories";
			};
			name = Debug;
		};
		CF0F52551F92D9A800BB6127 /* Release */ = {
			isa = XCBuildConfiguration;
			buildSettings = {
				ALWAYS_EMBED_SWIFT_STANDARD_LIBRARIES = YES;
				BUNDLE_LOADER = "$(TEST_HOST)";
				DEVELOPMENT_TEAM = K8BB4F885A;
				INFOPLIST_FILE = "LogIN&TaskCategoriesTests/Info.plist";
				LD_RUNPATH_SEARCH_PATHS = "$(inherited) @executable_path/Frameworks @loader_path/Frameworks";
				PRODUCT_BUNDLE_IDENTIFIER = "ilya-ocymare.LogIN-TaskCategoriesTests";
				PRODUCT_NAME = "$(TARGET_NAME)";
				SWIFT_VERSION = 3.0;
				TEST_HOST = "$(BUILT_PRODUCTS_DIR)/LogIN&TaskCategories.app/LogIN&TaskCategories";
			};
			name = Release;
		};
/* End XCBuildConfiguration section */

/* Begin XCConfigurationList section */
		CF0F522E1F92D9A800BB6127 /* Build configuration list for PBXProject "LogIN&TaskCategories" */ = {
			isa = XCConfigurationList;
			buildConfigurations = (
				CF0F524E1F92D9A800BB6127 /* Debug */,
				CF0F524F1F92D9A800BB6127 /* Release */,
			);
			defaultConfigurationIsVisible = 0;
			defaultConfigurationName = Release;
		};
		CF0F52501F92D9A800BB6127 /* Build configuration list for PBXNativeTarget "LogIN&TaskCategories" */ = {
			isa = XCConfigurationList;
			buildConfigurations = (
				CF0F52511F92D9A800BB6127 /* Debug */,
				CF0F52521F92D9A800BB6127 /* Release */,
			);
			defaultConfigurationIsVisible = 0;
		};
		CF0F52531F92D9A800BB6127 /* Build configuration list for PBXNativeTarget "LogIN&TaskCategoriesTests" */ = {
			isa = XCConfigurationList;
			buildConfigurations = (
				CF0F52541F92D9A800BB6127 /* Debug */,
				CF0F52551F92D9A800BB6127 /* Release */,
			);
			defaultConfigurationIsVisible = 0;
		};
/* End XCConfigurationList section */
	};
	rootObject = CF0F522B1F92D9A800BB6127 /* Project object */;
}
